
Microsoft Visual Studio Solution File, Format Version 12.00
# Visual Studio Version 16
VisualStudioVersion = 16.0.29306.81
MinimumVisualStudioVersion = 10.0.40219.1
Project("{FAE04EC0-301F-11D3-BF4B-00C04F79EFBC}") = "SV", "SV.csproj", "{3E21382D-A723-490F-90C6-D12E1BB9364B}"
EndProject
Global
	GlobalSection(SolutionConfigurationPlatforms) = preSolution
		Debug|Any CPU = Debug|Any CPU
		Release|Any CPU = Release|Any CPU
	EndGlobalSection
	GlobalSection(ProjectConfigurationPlatforms) = postSolution
		{3E21382D-A723-490F-90C6-D12E1BB9364B}.Debug|Any CPU.ActiveCfg = Debug|Any CPU
		{3E21382D-A723-490F-90C6-D12E1BB9364B}.Debug|Any CPU.Build.0 = Debug|Any CPU
		{3E21382D-A723-490F-90C6-D12E1BB9364B}.Release|Any CPU.ActiveCfg = Release|Any CPU
		{3E21382D-A723-490F-90C6-D12E1BB9364B}.Release|Any CPU.Build.0 = Release|Any CPU
	EndGlobalSection
	GlobalSection(SolutionProperties) = preSolution
		HideSolutionNode = FALSE
	EndGlobalSection
	GlobalSection(ExtensibilityGlobals) = postSolution
		SolutionGuid = {943552B4-BBA5-4350-B5C3-01E4E469E784}
	EndGlobalSection
EndGlobal
